
Microsoft Visual Studio Solution File, Format Version 12.00
# Visual Studio Version 17
VisualStudioVersion = 17.10.34916.146
MinimumVisualStudioVersion = 10.0.40219.1
Project("{FAE04EC0-301F-11D3-BF4B-00C04F79EFBC}") = "Implementación API RESTful", "Implementación API RESTful.csproj", "{C4728E39-21C8-4092-8ABA-55C09D2DE647}"
EndProject
Global
	GlobalSection(SolutionConfigurationPlatforms) = preSolution
		Debug|Any CPU = Debug|Any CPU
		Release|Any CPU = Release|Any CPU
	EndGlobalSection
	GlobalSection(ProjectConfigurationPlatforms) = postSolution
		{C4728E39-21C8-4092-8ABA-55C09D2DE647}.Debug|Any CPU.ActiveCfg = Debug|Any CPU
		{C4728E39-21C8-4092-8ABA-55C09D2DE647}.Debug|Any CPU.Build.0 = Debug|Any CPU
		{C4728E39-21C8-4092-8ABA-55C09D2DE647}.Release|Any CPU.ActiveCfg = Release|Any CPU
		{C4728E39-21C8-4092-8ABA-55C09D2DE647}.Release|Any CPU.Build.0 = Release|Any CPU
	EndGlobalSection
	GlobalSection(SolutionProperties) = preSolution
		HideSolutionNode = FALSE
	EndGlobalSection
	GlobalSection(ExtensibilityGlobals) = postSolution
		SolutionGuid = {EBE1097E-7B21-4431-9E80-4801C7C45946}
	EndGlobalSection
EndGlobal
